// !$*UTF8*$!
{
	archiveVersion = 1;
	classes = {
	};
	objectVersion = 50;
	objects = {

/* Begin PBXBuildFile section */
		41352FF7E17D10C4E3D979A6 /* libPods-YTAFNetworkingInterpretation.a in Frameworks */ = {isa = PBXBuildFile; fileRef = 344921BDE33784D4990E9362 /* libPods-YTAFNetworkingInterpretation.a */; };
		AB1448D0224DB82100F2BCF3 /* YTAFNetworkActivityIndicatorManager.m in Sources */ = {isa = PBXBuildFile; fileRef = AB1448CF224DB82100F2BCF3 /* YTAFNetworkActivityIndicatorManager.m */; };
		AB1E832A224C62C100CBB2FF /* YTNSURLSessionObject.m in Sources */ = {isa = PBXBuildFile; fileRef = AB1E8329224C62C100CBB2FF /* YTNSURLSessionObject.m */; };
		AB1E832D224C636F00CBB2FF /* YTAFNetworkingObject.m in Sources */ = {isa = PBXBuildFile; fileRef = AB1E832C224C636F00CBB2FF /* YTAFNetworkingObject.m */; };
		AB3C4129224B227500865F06 /* AppDelegate.m in Sources */ = {isa = PBXBuildFile; fileRef = AB3C4128224B227500865F06 /* AppDelegate.m */; };
		AB3C412C224B227500865F06 /* ViewController.m in Sources */ = {isa = PBXBuildFile; fileRef = AB3C412B224B227500865F06 /* ViewController.m */; };
		AB3C412F224B227500865F06 /* Main.storyboard in Resources */ = {isa = PBXBuildFile; fileRef = AB3C412D224B227500865F06 /* Main.storyboard */; };
		AB3C4132224B227500865F06 /* YTAFNetworkingInterpretation.xcdatamodeld in Sources */ = {isa = PBXBuildFile; fileRef = AB3C4130224B227500865F06 /* YTAFNetworkingInterpretation.xcdatamodeld */; };
		AB3C4134224B227700865F06 /* Assets.xcassets in Resources */ = {isa = PBXBuildFile; fileRef = AB3C4133224B227700865F06 /* Assets.xcassets */; };
		AB3C4137224B227700865F06 /* LaunchScreen.storyboard in Resources */ = {isa = PBXBuildFile; fileRef = AB3C4135224B227700865F06 /* LaunchScreen.storyboard */; };
		AB3C413A224B227700865F06 /* main.m in Sources */ = {isa = PBXBuildFile; fileRef = AB3C4139224B227700865F06 /* main.m */; };
		AB3C4144224B227700865F06 /* YTAFNetworkingInterpretationTests.m in Sources */ = {isa = PBXBuildFile; fileRef = AB3C4143224B227700865F06 /* YTAFNetworkingInterpretationTests.m */; };
		AB3C414F224B227700865F06 /* YTAFNetworkingInterpretationUITests.m in Sources */ = {isa = PBXBuildFile; fileRef = AB3C414E224B227700865F06 /* YTAFNetworkingInterpretationUITests.m */; };
		ABA7C841225AEE73005EB645 /* YTAFNetworkReachabilityManager.m in Sources */ = {isa = PBXBuildFile; fileRef = ABA7C840225AEE73005EB645 /* YTAFNetworkReachabilityManager.m */; };
		CC0C7F73CD9C17528329D57A /* libPods-YTAFNetworkingInterpretationTests.a in Frameworks */ = {isa = PBXBuildFile; fileRef = F099090967DA373368622037 /* libPods-YTAFNetworkingInterpretationTests.a */; };
		F9EFBD866A805DF02D510D7E /* libPods-YTAFNetworkingInterpretationUITests.a in Frameworks */ = {isa = PBXBuildFile; fileRef = A5C26CB53EA4AB280A6891E7 /* libPods-YTAFNetworkingInterpretationUITests.a */; };
/* End PBXBuildFile section */

/* Begin PBXContainerItemProxy section */
		AB3C4140224B227700865F06 /* PBXContainerItemProxy */ = {
			isa = PBXContainerItemProxy;
			containerPortal = AB3C411C224B227500865F06 /* Project object */;
			proxyType = 1;
			remoteGlobalIDString = AB3C4123224B227500865F06;
			remoteInfo = YTAFNetworkingInterpretation;
		};
		AB3C414B224B227700865F06 /* PBXContainerItemProxy */ = {
			isa = PBXContainerItemProxy;
			containerPortal = AB3C411C224B227500865F06 /* Project object */;
			proxyType = 1;
			remoteGlobalIDString = AB3C4123224B227500865F06;
			remoteInfo = YTAFNetworkingInterpretation;
		};
/* End PBXContainerItemProxy section */

/* Begin PBXFileReference section */
		109D4289B18CBD49A4E6380F /* Pods-YTAFNetworkingInterpretationTests.debug.xcconfig */ = {isa = PBXFileReference; includeInIndex = 1; lastKnownFileType = text.xcconfig; name = "Pods-YTAFNetworkingInterpretationTests.debug.xcconfig"; path = "Target Support Files/Pods-YTAFNetworkingInterpretationTests/Pods-YTAFNetworkingInterpretationTests.debug.xcconfig"; sourceTree = "<group>"; };
		276D4FED860471835EB76B74 /* Pods-YTAFNetworkingInterpretation.release.xcconfig */ = {isa = PBXFileReference; includeInIndex = 1; lastKnownFileType = text.xcconfig; name = "Pods-YTAFNetworkingInterpretation.release.xcconfig"; path = "Target Support Files/Pods-YTAFNetworkingInterpretation/Pods-YTAFNetworkingInterpretation.release.xcconfig"; sourceTree = "<group>"; };
		324BC148A1E652B73E4B16D7 /* Pods-YTAFNetworkingInterpretationUITests.debug.xcconfig */ = {isa = PBXFileReference; includeInIndex = 1; lastKnownFileType = text.xcconfig; name = "Pods-YTAFNetworkingInterpretationUITests.debug.xcconfig"; path = "Target Support Files/Pods-YTAFNetworkingInterpretationUITests/Pods-YTAFNetworkingInterpretationUITests.debug.xcconfig"; sourceTree = "<group>"; };
		344921BDE33784D4990E9362 /* libPods-YTAFNetworkingInterpretation.a */ = {isa = PBXFileReference; explicitFileType = archive.ar; includeInIndex = 0; path = "libPods-YTAFNetworkingInterpretation.a"; sourceTree = BUILT_PRODUCTS_DIR; };
		35EF1C15BC0BAFCB755C4F55 /* Pods-YTAFNetworkingInterpretationUITests.release.xcconfig */ = {isa = PBXFileReference; includeInIndex = 1; lastKnownFileType = text.xcconfig; name = "Pods-YTAFNetworkingInterpretationUITests.release.xcconfig"; path = "Target Support Files/Pods-YTAFNetworkingInterpretationUITests/Pods-YTAFNetworkingInterpretationUITests.release.xcconfig"; sourceTree = "<group>"; };
		6A41B60DF12211E7E6696B68 /* Pods-YTAFNetworkingInterpretationTests.release.xcconfig */ = {isa = PBXFileReference; includeInIndex = 1; lastKnownFileType = text.xcconfig; name = "Pods-YTAFNetworkingInterpretationTests.release.xcconfig"; path = "Target Support Files/Pods-YTAFNetworkingInterpretationTests/Pods-YTAFNetworkingInterpretationTests.release.xcconfig"; sourceTree = "<group>"; };
		A5C26CB53EA4AB280A6891E7 /* libPods-YTAFNetworkingInterpretationUITests.a */ = {isa = PBXFileReference; explicitFileType = archive.ar; includeInIndex = 0; path = "libPods-YTAFNetworkingInterpretationUITests.a"; sourceTree = BUILT_PRODUCTS_DIR; };
		AB1448CE224DB82100F2BCF3 /* YTAFNetworkActivityIndicatorManager.h */ = {isa = PBXFileReference; lastKnownFileType = sourcecode.c.h; path = YTAFNetworkActivityIndicatorManager.h; sourceTree = "<group>"; };
		AB1448CF224DB82100F2BCF3 /* YTAFNetworkActivityIndicatorManager.m */ = {isa = PBXFileReference; lastKnownFileType = sourcecode.c.objc; path = YTAFNetworkActivityIndicatorManager.m; sourceTree = "<group>"; };
		AB1448D3224DB88300F2BCF3 /* PrefixHeader.pch */ = {isa = PBXFileReference; lastKnownFileType = sourcecode.c.h; path = PrefixHeader.pch; sourceTree = "<group>"; };
		AB1E8328224C62C100CBB2FF /* YTNSURLSessionObject.h */ = {isa = PBXFileReference; lastKnownFileType = sourcecode.c.h; path = YTNSURLSessionObject.h; sourceTree = "<group>"; };
		AB1E8329224C62C100CBB2FF /* YTNSURLSessionObject.m */ = {isa = PBXFileReference; lastKnownFileType = sourcecode.c.objc; path = YTNSURLSessionObject.m; sourceTree = "<group>"; };
		AB1E832B224C636F00CBB2FF /* YTAFNetworkingObject.h */ = {isa = PBXFileReference; lastKnownFileType = sourcecode.c.h; path = YTAFNetworkingObject.h; sourceTree = "<group>"; };
		AB1E832C224C636F00CBB2FF /* YTAFNetworkingObject.m */ = {isa = PBXFileReference; lastKnownFileType = sourcecode.c.objc; path = YTAFNetworkingObject.m; sourceTree = "<group>"; };
		AB3C4124224B227500865F06 /* YTAFNetworkingInterpretation.app */ = {isa = PBXFileReference; explicitFileType = wrapper.application; includeInIndex = 0; path = YTAFNetworkingInterpretation.app; sourceTree = BUILT_PRODUCTS_DIR; };
		AB3C4127224B227500865F06 /* AppDelegate.h */ = {isa = PBXFileReference; lastKnownFileType = sourcecode.c.h; path = AppDelegate.h; sourceTree = "<group>"; };
		AB3C4128224B227500865F06 /* AppDelegate.m */ = {isa = PBXFileReference; lastKnownFileType = sourcecode.c.objc; path = AppDelegate.m; sourceTree = "<group>"; };
		AB3C412A224B227500865F06 /* ViewController.h */ = {isa = PBXFileReference; lastKnownFileType = sourcecode.c.h; path = ViewController.h; sourceTree = "<group>"; };
		AB3C412B224B227500865F06 /* ViewController.m */ = {isa = PBXFileReference; lastKnownFileType = sourcecode.c.objc; path = ViewController.m; sourceTree = "<group>"; };
		AB3C412E224B227500865F06 /* Base */ = {isa = PBXFileReference; lastKnownFileType = file.storyboard; name = Base; path = Base.lproj/Main.storyboard; sourceTree = "<group>"; };
		AB3C4131224B227500865F06 /* YTAFNetworkingInterpretation.xcdatamodel */ = {isa = PBXFileReference; lastKnownFileType = wrapper.xcdatamodel; path = YTAFNetworkingInterpretation.xcdatamodel; sourceTree = "<group>"; };
		AB3C4133224B227700865F06 /* Assets.xcassets */ = {isa = PBXFileReference; lastKnownFileType = folder.assetcatalog; path = Assets.xcassets; sourceTree = "<group>"; };
		AB3C4136224B227700865F06 /* Base */ = {isa = PBXFileReference; lastKnownFileType = file.storyboard; name = Base; path = Base.lproj/LaunchScreen.storyboard; sourceTree = "<group>"; };
		AB3C4138224B227700865F06 /* Info.plist */ = {isa = PBXFileReference; lastKnownFileType = text.plist.xml; path = Info.plist; sourceTree = "<group>"; };
		AB3C4139224B227700865F06 /* main.m */ = {isa = PBXFileReference; lastKnownFileType = sourcecode.c.objc; path = main.m; sourceTree = "<group>"; };
		AB3C413F224B227700865F06 /* YTAFNetworkingInterpretationTests.xctest */ = {isa = PBXFileReference; explicitFileType = wrapper.cfbundle; includeInIndex = 0; path = YTAFNetworkingInterpretationTests.xctest; sourceTree = BUILT_PRODUCTS_DIR; };
		AB3C4143224B227700865F06 /* YTAFNetworkingInterpretationTests.m */ = {isa = PBXFileReference; lastKnownFileType = sourcecode.c.objc; path = YTAFNetworkingInterpretationTests.m; sourceTree = "<group>"; };
		AB3C4145224B227700865F06 /* Info.plist */ = {isa = PBXFileReference; lastKnownFileType = text.plist.xml; path = Info.plist; sourceTree = "<group>"; };
		AB3C414A224B227700865F06 /* YTAFNetworkingInterpretationUITests.xctest */ = {isa = PBXFileReference; explicitFileType = wrapper.cfbundle; includeInIndex = 0; path = YTAFNetworkingInterpretationUITests.xctest; sourceTree = BUILT_PRODUCTS_DIR; };
		AB3C414E224B227700865F06 /* YTAFNetworkingInterpretationUITests.m */ = {isa = PBXFileReference; lastKnownFileType = sourcecode.c.objc; path = YTAFNetworkingInterpretationUITests.m; sourceTree = "<group>"; };
		AB3C4150224B227700865F06 /* Info.plist */ = {isa = PBXFileReference; lastKnownFileType = text.plist.xml; path = Info.plist; sourceTree = "<group>"; };
		ABA7C83F225AEE73005EB645 /* YTAFNetworkReachabilityManager.h */ = {isa = PBXFileReference; lastKnownFileType = sourcecode.c.h; path = YTAFNetworkReachabilityManager.h; sourceTree = "<group>"; };
		ABA7C840225AEE73005EB645 /* YTAFNetworkReachabilityManager.m */ = {isa = PBXFileReference; lastKnownFileType = sourcecode.c.objc; path = YTAFNetworkReachabilityManager.m; sourceTree = "<group>"; };
		DF529D40F66605FC8CF8481E /* Pods-YTAFNetworkingInterpretation.debug.xcconfig */ = {isa = PBXFileReference; includeInIndex = 1; lastKnownFileType = text.xcconfig; name = "Pods-YTAFNetworkingInterpretation.debug.xcconfig"; path = "Target Support Files/Pods-YTAFNetworkingInterpretation/Pods-YTAFNetworkingInterpretation.debug.xcconfig"; sourceTree = "<group>"; };
		F099090967DA373368622037 /* libPods-YTAFNetworkingInterpretationTests.a */ = {isa = PBXFileReference; explicitFileType = archive.ar; includeInIndex = 0; path = "libPods-YTAFNetworkingInterpretationTests.a"; sourceTree = BUILT_PRODUCTS_DIR; };
/* End PBXFileReference section */

/* Begin PBXFrameworksBuildPhase section */
		AB3C4121224B227500865F06 /* Frameworks */ = {
			isa = PBXFrameworksBuildPhase;
			buildActionMask = 2147483647;
			files = (
				41352FF7E17D10C4E3D979A6 /* libPods-YTAFNetworkingInterpretation.a in Frameworks */,
			);
			runOnlyForDeploymentPostprocessing = 0;
		};
		AB3C413C224B227700865F06 /* Frameworks */ = {
			isa = PBXFrameworksBuildPhase;
			buildActionMask = 2147483647;
			files = (
				CC0C7F73CD9C17528329D57A /* libPods-YTAFNetworkingInterpretationTests.a in Frameworks */,
			);
			runOnlyForDeploymentPostprocessing = 0;
		};
		AB3C4147224B227700865F06 /* Frameworks */ = {
			isa = PBXFrameworksBuildPhase;
			buildActionMask = 2147483647;
			files = (
				F9EFBD866A805DF02D510D7E /* libPods-YTAFNetworkingInterpretationUITests.a in Frameworks */,
			);
			runOnlyForDeploymentPostprocessing = 0;
		};
/* End PBXFrameworksBuildPhase section */

/* Begin PBXGroup section */
		141A8DFC01D12520F2124A90 /* Frameworks */ = {
			isa = PBXGroup;
			children = (
				344921BDE33784D4990E9362 /* libPods-YTAFNetworkingInterpretation.a */,
				F099090967DA373368622037 /* libPods-YTAFNetworkingInterpretationTests.a */,
				A5C26CB53EA4AB280A6891E7 /* libPods-YTAFNetworkingInterpretationUITests.a */,
			);
			name = Frameworks;
			sourceTree = "<group>";
		};
		AB1448D1224DB83400F2BCF3 /* YTAFNetworking */ = {
			isa = PBXGroup;
			children = (
				ABA7C845225C48A4005EB645 /* Reachability */,
				AB1E832B224C636F00CBB2FF /* YTAFNetworkingObject.h */,
				AB1E832C224C636F00CBB2FF /* YTAFNetworkingObject.m */,
			);
			path = YTAFNetworking;
			sourceTree = "<group>";
		};
		AB1448D2224DB86900F2BCF3 /* NSURLSession */ = {
			isa = PBXGroup;
			children = (
				AB1E8328224C62C100CBB2FF /* YTNSURLSessionObject.h */,
				AB1E8329224C62C100CBB2FF /* YTNSURLSessionObject.m */,
			);
			path = NSURLSession;
			sourceTree = "<group>";
		};
		AB3C411B224B227500865F06 = {
			isa = PBXGroup;
			children = (
				AB3C4126224B227500865F06 /* YTAFNetworkingInterpretation */,
				AB3C4142224B227700865F06 /* YTAFNetworkingInterpretationTests */,
				AB3C414D224B227700865F06 /* YTAFNetworkingInterpretationUITests */,
				AB3C4125224B227500865F06 /* Products */,
				C3604937472238BAF3F24B5C /* Pods */,
				141A8DFC01D12520F2124A90 /* Frameworks */,
			);
			sourceTree = "<group>";
		};
		AB3C4125224B227500865F06 /* Products */ = {
			isa = PBXGroup;
			children = (
				AB3C4124224B227500865F06 /* YTAFNetworkingInterpretation.app */,
				AB3C413F224B227700865F06 /* YTAFNetworkingInterpretationTests.xctest */,
				AB3C414A224B227700865F06 /* YTAFNetworkingInterpretationUITests.xctest */,
			);
			name = Products;
			sourceTree = "<group>";
		};
		AB3C4126224B227500865F06 /* YTAFNetworkingInterpretation */ = {
			isa = PBXGroup;
			children = (
				AB1448D2224DB86900F2BCF3 /* NSURLSession */,
				AB1448D1224DB83400F2BCF3 /* YTAFNetworking */,
				AB3C4127224B227500865F06 /* AppDelegate.h */,
				AB3C4128224B227500865F06 /* AppDelegate.m */,
				AB3C412A224B227500865F06 /* ViewController.h */,
				AB3C412B224B227500865F06 /* ViewController.m */,
				AB1448D3224DB88300F2BCF3 /* PrefixHeader.pch */,
				AB3C412D224B227500865F06 /* Main.storyboard */,
				AB3C4133224B227700865F06 /* Assets.xcassets */,
				AB3C4135224B227700865F06 /* LaunchScreen.storyboard */,
				AB3C4138224B227700865F06 /* Info.plist */,
				AB3C4139224B227700865F06 /* main.m */,
				AB3C4130224B227500865F06 /* YTAFNetworkingInterpretation.xcdatamodeld */,
			);
			path = YTAFNetworkingInterpretation;
			sourceTree = "<group>";
		};
		AB3C4142224B227700865F06 /* YTAFNetworkingInterpretationTests */ = {
			isa = PBXGroup;
			children = (
				AB3C4143224B227700865F06 /* YTAFNetworkingInterpretationTests.m */,
				AB3C4145224B227700865F06 /* Info.plist */,
			);
			path = YTAFNetworkingInterpretationTests;
			sourceTree = "<group>";
		};
		AB3C414D224B227700865F06 /* YTAFNetworkingInterpretationUITests */ = {
			isa = PBXGroup;
			children = (
				AB3C414E224B227700865F06 /* YTAFNetworkingInterpretationUITests.m */,
				AB3C4150224B227700865F06 /* Info.plist */,
			);
			path = YTAFNetworkingInterpretationUITests;
			sourceTree = "<group>";
		};
		ABA7C845225C48A4005EB645 /* Reachability */ = {
			isa = PBXGroup;
			children = (
				ABA7C83F225AEE73005EB645 /* YTAFNetworkReachabilityManager.h */,
				ABA7C840225AEE73005EB645 /* YTAFNetworkReachabilityManager.m */,
				AB1448CE224DB82100F2BCF3 /* YTAFNetworkActivityIndicatorManager.h */,
				AB1448CF224DB82100F2BCF3 /* YTAFNetworkActivityIndicatorManager.m */,
			);
			path = Reachability;
			sourceTree = "<group>";
		};
		C3604937472238BAF3F24B5C /* Pods */ = {
			isa = PBXGroup;
			children = (
				DF529D40F66605FC8CF8481E /* Pods-YTAFNetworkingInterpretation.debug.xcconfig */,
				276D4FED860471835EB76B74 /* Pods-YTAFNetworkingInterpretation.release.xcconfig */,
				109D4289B18CBD49A4E6380F /* Pods-YTAFNetworkingInterpretationTests.debug.xcconfig */,
				6A41B60DF12211E7E6696B68 /* Pods-YTAFNetworkingInterpretationTests.release.xcconfig */,
				324BC148A1E652B73E4B16D7 /* Pods-YTAFNetworkingInterpretationUITests.debug.xcconfig */,
				35EF1C15BC0BAFCB755C4F55 /* Pods-YTAFNetworkingInterpretationUITests.release.xcconfig */,
			);
			path = Pods;
			sourceTree = "<group>";
		};
/* End PBXGroup section */

/* Begin PBXNativeTarget section */
		AB3C4123224B227500865F06 /* YTAFNetworkingInterpretation */ = {
			isa = PBXNativeTarget;
			buildConfigurationList = AB3C4153224B227700865F06 /* Build configuration list for PBXNativeTarget "YTAFNetworkingInterpretation" */;
			buildPhases = (
				17DEAB238C2E1755FEFFA047 /* [CP] Check Pods Manifest.lock */,
				AB3C4120224B227500865F06 /* Sources */,
				AB3C4121224B227500865F06 /* Frameworks */,
				AB3C4122224B227500865F06 /* Resources */,
			);
			buildRules = (
			);
			dependencies = (
			);
			name = YTAFNetworkingInterpretation;
			productName = YTAFNetworkingInterpretation;
			productReference = AB3C4124224B227500865F06 /* YTAFNetworkingInterpretation.app */;
			productType = "com.apple.product-type.application";
		};
		AB3C413E224B227700865F06 /* YTAFNetworkingInterpretationTests */ = {
			isa = PBXNativeTarget;
			buildConfigurationList = AB3C4156224B227700865F06 /* Build configuration list for PBXNativeTarget "YTAFNetworkingInterpretationTests" */;
			buildPhases = (
				3F1EC5C3448CE4FC9F591A94 /* [CP] Check Pods Manifest.lock */,
				AB3C413B224B227700865F06 /* Sources */,
				AB3C413C224B227700865F06 /* Frameworks */,
				AB3C413D224B227700865F06 /* Resources */,
			);
			buildRules = (
			);
			dependencies = (
				AB3C4141224B227700865F06 /* PBXTargetDependency */,
			);
			name = YTAFNetworkingInterpretationTests;
			productName = YTAFNetworkingInterpretationTests;
			productReference = AB3C413F224B227700865F06 /* YTAFNetworkingInterpretationTests.xctest */;
			productType = "com.apple.product-type.bundle.unit-test";
		};
		AB3C4149224B227700865F06 /* YTAFNetworkingInterpretationUITests */ = {
			isa = PBXNativeTarget;
			buildConfigurationList = AB3C4159224B227700865F06 /* Build configuration list for PBXNativeTarget "YTAFNetworkingInterpretationUITests" */;
			buildPhases = (
				01F434010D78B9836B1291EA /* [CP] Check Pods Manifest.lock */,
				AB3C4146224B227700865F06 /* Sources */,
				AB3C4147224B227700865F06 /* Frameworks */,
				AB3C4148224B227700865F06 /* Resources */,
			);
			buildRules = (
			);
			dependencies = (
				AB3C414C224B227700865F06 /* PBXTargetDependency */,
			);
			name = YTAFNetworkingInterpretationUITests;
			productName = YTAFNetworkingInterpretationUITests;
			productReference = AB3C414A224B227700865F06 /* YTAFNetworkingInterpretationUITests.xctest */;
			productType = "com.apple.product-type.bundle.ui-testing";
		};
/* End PBXNativeTarget section */

/* Begin PBXProject section */
		AB3C411C224B227500865F06 /* Project object */ = {
			isa = PBXProject;
			attributes = {
				LastUpgradeCheck = 1010;
				ORGANIZATIONNAME = july;
				TargetAttributes = {
					AB3C4123224B227500865F06 = {
						CreatedOnToolsVersion = 10.1;
					};
					AB3C413E224B227700865F06 = {
						CreatedOnToolsVersion = 10.1;
						TestTargetID = AB3C4123224B227500865F06;
					};
					AB3C4149224B227700865F06 = {
						CreatedOnToolsVersion = 10.1;
						TestTargetID = AB3C4123224B227500865F06;
					};
				};
			};
			buildConfigurationList = AB3C411F224B227500865F06 /* Build configuration list for PBXProject "YTAFNetworkingInterpretation" */;
			compatibilityVersion = "Xcode 9.3";
			developmentRegion = en;
			hasScannedForEncodings = 0;
			knownRegions = (
				en,
				Base,
			);
			mainGroup = AB3C411B224B227500865F06;
			productRefGroup = AB3C4125224B227500865F06 /* Products */;
			projectDirPath = "";
			projectRoot = "";
			targets = (
				AB3C4123224B227500865F06 /* YTAFNetworkingInterpretation */,
				AB3C413E224B227700865F06 /* YTAFNetworkingInterpretationTests */,
				AB3C4149224B227700865F06 /* YTAFNetworkingInterpretationUITests */,
			);
		};
/* End PBXProject section */

/* Begin PBXResourcesBuildPhase section */
		AB3C4122224B227500865F06 /* Resources */ = {
			isa = PBXResourcesBuildPhase;
			buildActionMask = 2147483647;
			files = (
				AB3C4137224B227700865F06 /* LaunchScreen.storyboard in Resources */,
				AB3C4134224B227700865F06 /* Assets.xcassets in Resources */,
				AB3C412F224B227500865F06 /* Main.storyboard in Resources */,
			);
			runOnlyForDeploymentPostprocessing = 0;
		};
		AB3C413D224B227700865F06 /* Resources */ = {
			isa = PBXResourcesBuildPhase;
			buildActionMask = 2147483647;
			files = (
			);
			runOnlyForDeploymentPostprocessing = 0;
		};
		AB3C4148224B227700865F06 /* Resources */ = {
			isa = PBXResourcesBuildPhase;
			buildActionMask = 2147483647;
			files = (
			);
			runOnlyForDeploymentPostprocessing = 0;
		};
/* End PBXResourcesBuildPhase section */

/* Begin PBXShellScriptBuildPhase section */
		01F434010D78B9836B1291EA /* [CP] Check Pods Manifest.lock */ = {
			isa = PBXShellScriptBuildPhase;
			buildActionMask = 2147483647;
			files = (
			);
			inputFileListPaths = (
			);
			inputPaths = (
				"${PODS_PODFILE_DIR_PATH}/Podfile.lock",
				"${PODS_ROOT}/Manifest.lock",
			);
			name = "[CP] Check Pods Manifest.lock";
			outputFileListPaths = (
			);
			outputPaths = (
				"$(DERIVED_FILE_DIR)/Pods-YTAFNetworkingInterpretationUITests-checkManifestLockResult.txt",
			);
			runOnlyForDeploymentPostprocessing = 0;
			shellPath = /bin/sh;
			shellScript = "diff \"${PODS_PODFILE_DIR_PATH}/Podfile.lock\" \"${PODS_ROOT}/Manifest.lock\" > /dev/null\nif [ $? != 0 ] ; then\n    # print error to STDERR\n    echo \"error: The sandbox is not in sync with the Podfile.lock. Run 'pod install' or update your CocoaPods installation.\" >&2\n    exit 1\nfi\n# This output is used by Xcode 'outputs' to avoid re-running this script phase.\necho \"SUCCESS\" > \"${SCRIPT_OUTPUT_FILE_0}\"\n";
			showEnvVarsInLog = 0;
		};
		17DEAB238C2E1755FEFFA047 /* [CP] Check Pods Manifest.lock */ = {
			isa = PBXShellScriptBuildPhase;
			buildActionMask = 2147483647;
			files = (
			);
			inputFileListPaths = (
			);
			inputPaths = (
				"${PODS_PODFILE_DIR_PATH}/Podfile.lock",
				"${PODS_ROOT}/Manifest.lock",
			);
			name = "[CP] Check Pods Manifest.lock";
			outputFileListPaths = (
			);
			outputPaths = (
				"$(DERIVED_FILE_DIR)/Pods-YTAFNetworkingInterpretation-checkManifestLockResult.txt",
			);
			runOnlyForDeploymentPostprocessing = 0;
			shellPath = /bin/sh;
			shellScript = "diff \"${PODS_PODFILE_DIR_PATH}/Podfile.lock\" \"${PODS_ROOT}/Manifest.lock\" > /dev/null\nif [ $? != 0 ] ; then\n    # print error to STDERR\n    echo \"error: The sandbox is not in sync with the Podfile.lock. Run 'pod install' or update your CocoaPods installation.\" >&2\n    exit 1\nfi\n# This output is used by Xcode 'outputs' to avoid re-running this script phase.\necho \"SUCCESS\" > \"${SCRIPT_OUTPUT_FILE_0}\"\n";
			showEnvVarsInLog = 0;
		};
		3F1EC5C3448CE4FC9F591A94 /* [CP] Check Pods Manifest.lock */ = {
			isa = PBXShellScriptBuildPhase;
			buildActionMask = 2147483647;
			files = (
			);
			inputFileListPaths = (
			);
			inputPaths = (
				"${PODS_PODFILE_DIR_PATH}/Podfile.lock",
				"${PODS_ROOT}/Manifest.lock",
			);
			name = "[CP] Check Pods Manifest.lock";
			outputFileListPaths = (
			);
			outputPaths = (
				"$(DERIVED_FILE_DIR)/Pods-YTAFNetworkingInterpretationTests-checkManifestLockResult.txt",
			);
			runOnlyForDeploymentPostprocessing = 0;
			shellPath = /bin/sh;
			shellScript = "diff \"${PODS_PODFILE_DIR_PATH}/Podfile.lock\" \"${PODS_ROOT}/Manifest.lock\" > /dev/null\nif [ $? != 0 ] ; then\n    # print error to STDERR\n    echo \"error: The sandbox is not in sync with the Podfile.lock. Run 'pod install' or update your CocoaPods installation.\" >&2\n    exit 1\nfi\n# This output is used by Xcode 'outputs' to avoid re-running this script phase.\necho \"SUCCESS\" > \"${SCRIPT_OUTPUT_FILE_0}\"\n";
			showEnvVarsInLog = 0;
		};
/* End PBXShellScriptBuildPhase section */

/* Begin PBXSourcesBuildPhase section */
		AB3C4120224B227500865F06 /* Sources */ = {
			isa = PBXSourcesBuildPhase;
			buildActionMask = 2147483647;
			files = (
				AB1E832D224C636F00CBB2FF /* YTAFNetworkingObject.m in Sources */,
				AB3C4132224B227500865F06 /* YTAFNetworkingInterpretation.xcdatamodeld in Sources */,
				ABA7C841225AEE73005EB645 /* YTAFNetworkReachabilityManager.m in Sources */,
				AB1448D0224DB82100F2BCF3 /* YTAFNetworkActivityIndicatorManager.m in Sources */,
				AB3C412C224B227500865F06 /* ViewController.m in Sources */,
				AB3C413A224B227700865F06 /* main.m in Sources */,
				AB1E832A224C62C100CBB2FF /* YTNSURLSessionObject.m in Sources */,
				AB3C4129224B227500865F06 /* AppDelegate.m in Sources */,
			);
			runOnlyForDeploymentPostprocessing = 0;
		};
		AB3C413B224B227700865F06 /* Sources */ = {
			isa = PBXSourcesBuildPhase;
			buildActionMask = 2147483647;
			files = (
				AB3C4144224B227700865F06 /* YTAFNetworkingInterpretationTests.m in Sources */,
			);
			runOnlyForDeploymentPostprocessing = 0;
		};
		AB3C4146224B227700865F06 /* Sources */ = {
			isa = PBXSourcesBuildPhase;
			buildActionMask = 2147483647;
			files = (
				AB3C414F224B227700865F06 /* YTAFNetworkingInterpretationUITests.m in Sources */,
			);
			runOnlyForDeploymentPostprocessing = 0;
		};
/* End PBXSourcesBuildPhase section */

/* Begin PBXTargetDependency section */
		AB3C4141224B227700865F06 /* PBXTargetDependency */ = {
			isa = PBXTargetDependency;
			target = AB3C4123224B227500865F06 /* YTAFNetworkingInterpretation */;
			targetProxy = AB3C4140224B227700865F06 /* PBXContainerItemProxy */;
		};
		AB3C414C224B227700865F06 /* PBXTargetDependency */ = {
			isa = PBXTargetDependency;
			target = AB3C4123224B227500865F06 /* YTAFNetworkingInterpretation */;
			targetProxy = AB3C414B224B227700865F06 /* PBXContainerItemProxy */;
		};
/* End PBXTargetDependency section */

/* Begin PBXVariantGroup section */
		AB3C412D224B227500865F06 /* Main.storyboard */ = {
			isa = PBXVariantGroup;
			children = (
				AB3C412E224B227500865F06 /* Base */,
			);
			name = Main.storyboard;
			sourceTree = "<group>";
		};
		AB3C4135224B227700865F06 /* LaunchScreen.storyboard */ = {
			isa = PBXVariantGroup;
			children = (
				AB3C4136224B227700865F06 /* Base */,
			);
			name = LaunchScreen.storyboard;
			sourceTree = "<group>";
		};
/* End PBXVariantGroup section */

/* Begin XCBuildConfiguration section */
		AB3C4151224B227700865F06 /* Debug */ = {
			isa = XCBuildConfiguration;
			buildSettings = {
				ALWAYS_SEARCH_USER_PATHS = NO;
				CLANG_ANALYZER_NONNULL = YES;
				CLANG_ANALYZER_NUMBER_OBJECT_CONVERSION = YES_AGGRESSIVE;
				CLANG_CXX_LANGUAGE_STANDARD = "gnu++14";
				CLANG_CXX_LIBRARY = "libc++";
				CLANG_ENABLE_MODULES = YES;
				CLANG_ENABLE_OBJC_ARC = YES;
				CLANG_ENABLE_OBJC_WEAK = YES;
				CLANG_WARN_BLOCK_CAPTURE_AUTORELEASING = YES;
				CLANG_WARN_BOOL_CONVERSION = YES;
				CLANG_WARN_COMMA = YES;
				CLANG_WARN_CONSTANT_CONVERSION = YES;
				CLANG_WARN_DEPRECATED_OBJC_IMPLEMENTATIONS = YES;
				CLANG_WARN_DIRECT_OBJC_ISA_USAGE = YES_ERROR;
				CLANG_WARN_DOCUMENTATION_COMMENTS = YES;
				CLANG_WARN_EMPTY_BODY = YES;
				CLANG_WARN_ENUM_CONVERSION = YES;
				CLANG_WARN_INFINITE_RECURSION = YES;
				CLANG_WARN_INT_CONVERSION = YES;
				CLANG_WARN_NON_LITERAL_NULL_CONVERSION = YES;
				CLANG_WARN_OBJC_IMPLICIT_RETAIN_SELF = YES;
				CLANG_WARN_OBJC_LITERAL_CONVERSION = YES;
				CLANG_WARN_OBJC_ROOT_CLASS = YES_ERROR;
				CLANG_WARN_RANGE_LOOP_ANALYSIS = YES;
				CLANG_WARN_STRICT_PROTOTYPES = YES;
				CLANG_WARN_SUSPICIOUS_MOVE = YES;
				CLANG_WARN_UNGUARDED_AVAILABILITY = YES_AGGRESSIVE;
				CLANG_WARN_UNREACHABLE_CODE = YES;
				CLANG_WARN__DUPLICATE_METHOD_MATCH = YES;
				CODE_SIGN_IDENTITY = "iPhone Developer";
				COPY_PHASE_STRIP = NO;
				DEBUG_INFORMATION_FORMAT = dwarf;
				ENABLE_STRICT_OBJC_MSGSEND = YES;
				ENABLE_TESTABILITY = YES;
				GCC_C_LANGUAGE_STANDARD = gnu11;
				GCC_DYNAMIC_NO_PIC = NO;
				GCC_NO_COMMON_BLOCKS = YES;
				GCC_OPTIMIZATION_LEVEL = 0;
				GCC_PREPROCESSOR_DEFINITIONS = (
					"DEBUG=1",
					"$(inherited)",
				);
				GCC_WARN_64_TO_32_BIT_CONVERSION = YES;
				GCC_WARN_ABOUT_RETURN_TYPE = YES_ERROR;
				GCC_WARN_UNDECLARED_SELECTOR = YES;
				GCC_WARN_UNINITIALIZED_AUTOS = YES_AGGRESSIVE;
				GCC_WARN_UNUSED_FUNCTION = YES;
				GCC_WARN_UNUSED_VARIABLE = YES;
				IPHONEOS_DEPLOYMENT_TARGET = 12.1;
				MTL_ENABLE_DEBUG_INFO = INCLUDE_SOURCE;
				MTL_FAST_MATH = YES;
				ONLY_ACTIVE_ARCH = YES;
				SDKROOT = iphoneos;
			};
			name = Debug;
		};
		AB3C4152224B227700865F06 /* Release */ = {
			isa = XCBuildConfiguration;
			buildSettings = {
				ALWAYS_SEARCH_USER_PATHS = NO;
				CLANG_ANALYZER_NONNULL = YES;
				CLANG_ANALYZER_NUMBER_OBJECT_CONVERSION = YES_AGGRESSIVE;
				CLANG_CXX_LANGUAGE_STANDARD = "gnu++14";
				CLANG_CXX_LIBRARY = "libc++";
				CLANG_ENABLE_MODULES = YES;
				CLANG_ENABLE_OBJC_ARC = YES;
				CLANG_ENABLE_OBJC_WEAK = YES;
				CLANG_WARN_BLOCK_CAPTURE_AUTORELEASING = YES;
				CLANG_WARN_BOOL_CONVERSION = YES;
				CLANG_WARN_COMMA = YES;
				CLANG_WARN_CONSTANT_CONVERSION = YES;
				CLANG_WARN_DEPRECATED_OBJC_IMPLEMENTATIONS = YES;
				CLANG_WARN_DIRECT_OBJC_ISA_USAGE = YES_ERROR;
				CLANG_WARN_DOCUMENTATION_COMMENTS = YES;
				CLANG_WARN_EMPTY_BODY = YES;
				CLANG_WARN_ENUM_CONVERSION = YES;
				CLANG_WARN_INFINITE_RECURSION = YES;
				CLANG_WARN_INT_CONVERSION = YES;
				CLANG_WARN_NON_LITERAL_NULL_CONVERSION = YES;
				CLANG_WARN_OBJC_IMPLICIT_RETAIN_SELF = YES;
				CLANG_WARN_OBJC_LITERAL_CONVERSION = YES;
				CLANG_WARN_OBJC_ROOT_CLASS = YES_ERROR;
				CLANG_WARN_RANGE_LOOP_ANALYSIS = YES;
				CLANG_WARN_STRICT_PROTOTYPES = YES;
				CLANG_WARN_SUSPICIOUS_MOVE = YES;
				CLANG_WARN_UNGUARDED_AVAILABILITY = YES_AGGRESSIVE;
				CLANG_WARN_UNREACHABLE_CODE = YES;
				CLANG_WARN__DUPLICATE_METHOD_MATCH = YES;
				CODE_SIGN_IDENTITY = "iPhone Developer";
				COPY_PHASE_STRIP = NO;
				DEBUG_INFORMATION_FORMAT = "dwarf-with-dsym";
				ENABLE_NS_ASSERTIONS = NO;
				ENABLE_STRICT_OBJC_MSGSEND = YES;
				GCC_C_LANGUAGE_STANDARD = gnu11;
				GCC_NO_COMMON_BLOCKS = YES;
				GCC_WARN_64_TO_32_BIT_CONVERSION = YES;
				GCC_WARN_ABOUT_RETURN_TYPE = YES_ERROR;
				GCC_WARN_UNDECLARED_SELECTOR = YES;
				GCC_WARN_UNINITIALIZED_AUTOS = YES_AGGRESSIVE;
				GCC_WARN_UNUSED_FUNCTION = YES;
				GCC_WARN_UNUSED_VARIABLE = YES;
				IPHONEOS_DEPLOYMENT_TARGET = 12.1;
				MTL_ENABLE_DEBUG_INFO = NO;
				MTL_FAST_MATH = YES;
				SDKROOT = iphoneos;
				VALIDATE_PRODUCT = YES;
			};
			name = Release;
		};
		AB3C4154224B227700865F06 /* Debug */ = {
			isa = XCBuildConfiguration;
			baseConfigurationReference = DF529D40F66605FC8CF8481E /* Pods-YTAFNetworkingInterpretation.debug.xcconfig */;
			buildSettings = {
				ASSETCATALOG_COMPILER_APPICON_NAME = AppIcon;
				CODE_SIGN_STYLE = Automatic;
				DEVELOPMENT_TEAM = X3X53AZ2J9;
				GCC_PREFIX_HEADER = YTAFNetworkingInterpretation/PrefixHeader.pch;
				INFOPLIST_FILE = YTAFNetworkingInterpretation/Info.plist;
				LD_RUNPATH_SEARCH_PATHS = (
					"$(inherited)",
					"@executable_path/Frameworks",
				);
				PRODUCT_BUNDLE_IDENTIFIER = com.yaotao.YTAFNetworkingInterpretation.com;
				PRODUCT_NAME = "$(TARGET_NAME)";
				TARGETED_DEVICE_FAMILY = "1,2";
			};
			name = Debug;
		};
		AB3C4155224B227700865F06 /* Release */ = {
			isa = XCBuildConfiguration;
			baseConfigurationReference = 276D4FED860471835EB76B74 /* Pods-YTAFNetworkingInterpretation.release.xcconfig */;
			buildSettings = {
				ASSETCATALOG_COMPILER_APPICON_NAME = AppIcon;
				CODE_SIGN_STYLE = Automatic;
				DEVELOPMENT_TEAM = X3X53AZ2J9;
				GCC_PREFIX_HEADER = YTAFNetworkingInterpretation/PrefixHeader.pch;
				INFOPLIST_FILE = YTAFNetworkingInterpretation/Info.plist;
				LD_RUNPATH_SEARCH_PATHS = (
					"$(inherited)",
					"@executable_path/Frameworks",
				);
				PRODUCT_BUNDLE_IDENTIFIER = com.yaotao.YTAFNetworkingInterpretation.com;
				PRODUCT_NAME = "$(TARGET_NAME)";
				TARGETED_DEVICE_FAMILY = "1,2";
			};
			name = Release;
		};
		AB3C4157224B227700865F06 /* Debug */ = {
			isa = XCBuildConfiguration;
			baseConfigurationReference = 109D4289B18CBD49A4E6380F /* Pods-YTAFNetworkingInterpretationTests.debug.xcconfig */;
			buildSettings = {
				BUNDLE_LOADER = "$(TEST_HOST)";
				CODE_SIGN_STYLE = Automatic;
				DEVELOPMENT_TEAM = 2WPDWJNPEB;
				INFOPLIST_FILE = YTAFNetworkingInterpretationTests/Info.plist;
				LD_RUNPATH_SEARCH_PATHS = (
					"$(inherited)",
					"@executable_path/Frameworks",
					"@loader_path/Frameworks",
				);
				PRODUCT_BUNDLE_IDENTIFIER = com.yiqianproject.com.YTAFNetworkingInterpretationTests;
				PRODUCT_NAME = "$(TARGET_NAME)";
				TARGETED_DEVICE_FAMILY = "1,2";
				TEST_HOST = "$(BUILT_PRODUCTS_DIR)/YTAFNetworkingInterpretation.app/YTAFNetworkingInterpretation";
			};
			name = Debug;
		};
		AB3C4158224B227700865F06 /* Release */ = {
			isa = XCBuildConfiguration;
			baseConfigurationReference = 6A41B60DF12211E7E6696B68 /* Pods-YTAFNetworkingInterpretationTests.release.xcconfig */;
			buildSettings = {
				BUNDLE_LOADER = "$(TEST_HOST)";
				CODE_SIGN_STYLE = Automatic;
				DEVELOPMENT_TEAM = 2WPDWJNPEB;
				INFOPLIST_FILE = YTAFNetworkingInterpretationTests/Info.plist;
				LD_RUNPATH_SEARCH_PATHS = (
					"$(inherited)",
					"@executable_path/Frameworks",
					"@loader_path/Frameworks",
				);
				PRODUCT_BUNDLE_IDENTIFIER = com.yiqianproject.com.YTAFNetworkingInterpretationTests;
				PRODUCT_NAME = "$(TARGET_NAME)";
				TARGETED_DEVICE_FAMILY = "1,2";
				TEST_HOST = "$(BUILT_PRODUCTS_DIR)/YTAFNetworkingInterpretation.app/YTAFNetworkingInterpretation";
			};
			name = Release;
		};
		AB3C415A224B227700865F06 /* Debug */ = {
			isa = XCBuildConfiguration;
			baseConfigurationReference = 324BC148A1E652B73E4B16D7 /* Pods-YTAFNetworkingInterpretationUITests.debug.xcconfig */;
			buildSettings = {
				CODE_SIGN_STYLE = Automatic;
				DEVELOPMENT_TEAM = 2WPDWJNPEB;
				INFOPLIST_FILE = YTAFNetworkingInterpretationUITests/Info.plist;
				LD_RUNPATH_SEARCH_PATHS = (
					"$(inherited)",
					"@executable_path/Frameworks",
					"@loader_path/Frameworks",
				);
				PRODUCT_BUNDLE_IDENTIFIER = com.yiqianproject.com.YTAFNetworkingInterpretationUITests;
				PRODUCT_NAME = "$(TARGET_NAME)";
				TARGETED_DEVICE_FAMILY = "1,2";
				TEST_TARGET_NAME = YTAFNetworkingInterpretation;
			};
			name = Debug;
		};
		AB3C415B224B227700865F06 /* Release */ = {
			isa = XCBuildConfiguration;
			baseConfigurationReference = 35EF1C15BC0BAFCB755C4F55 /* Pods-YTAFNetworkingInterpretationUITests.release.xcconfig */;
			buildSettings = {
				CODE_SIGN_STYLE = Automatic;
				DEVELOPMENT_TEAM = 2WPDWJNPEB;
				INFOPLIST_FILE = YTAFNetworkingInterpretationUITests/Info.plist;
				LD_RUNPATH_SEARCH_PATHS = (
					"$(inherited)",
					"@executable_path/Frameworks",
					"@loader_path/Frameworks",
				);
				PRODUCT_BUNDLE_IDENTIFIER = com.yiqianproject.com.YTAFNetworkingInterpretationUITests;
				PRODUCT_NAME = "$(TARGET_NAME)";
				TARGETED_DEVICE_FAMILY = "1,2";
				TEST_TARGET_NAME = YTAFNetworkingInterpretation;
			};
			name = Release;
		};
/* End XCBuildConfiguration section */

/* Begin XCConfigurationList section */
		AB3C411F224B227500865F06 /* Build configuration list for PBXProject "YTAFNetworkingInterpretation" */ = {
			isa = XCConfigurationList;
			buildConfigurations = (
				AB3C4151224B227700865F06 /* Debug */,
				AB3C4152224B227700865F06 /* Release */,
			);
			defaultConfigurationIsVisible = 0;
			defaultConfigurationName = Release;
		};
		AB3C4153224B227700865F06 /* Build configuration list for PBXNativeTarget "YTAFNetworkingInterpretation" */ = {
			isa = XCConfigurationList;
			buildConfigurations = (
				AB3C4154224B227700865F06 /* Debug */,
				AB3C4155224B227700865F06 /* Release */,
			);
			defaultConfigurationIsVisible = 0;
			defaultConfigurationName = Release;
		};
		AB3C4156224B227700865F06 /* Build configuration list for PBXNativeTarget "YTAFNetworkingInterpretationTests" */ = {
			isa = XCConfigurationList;
			buildConfigurations = (
				AB3C4157224B227700865F06 /* Debug */,
				AB3C4158224B227700865F06 /* Release */,
			);
			defaultConfigurationIsVisible = 0;
			defaultConfigurationName = Release;
		};
		AB3C4159224B227700865F06 /* Build configuration list for PBXNativeTarget "YTAFNetworkingInterpretationUITests" */ = {
			isa = XCConfigurationList;
			buildConfigurations = (
				AB3C415A224B227700865F06 /* Debug */,
				AB3C415B224B227700865F06 /* Release */,
			);
			defaultConfigurationIsVisible = 0;
			defaultConfigurationName = Release;
		};
/* End XCConfigurationList section */

/* Begin XCVersionGroup section */
		AB3C4130224B227500865F06 /* YTAFNetworkingInterpretation.xcdatamodeld */ = {
			isa = XCVersionGroup;
			children = (
				AB3C4131224B227500865F06 /* YTAFNetworkingInterpretation.xcdatamodel */,
			);
			currentVersion = AB3C4131224B227500865F06 /* YTAFNetworkingInterpretation.xcdatamodel */;
			path = YTAFNetworkingInterpretation.xcdatamodeld;
			sourceTree = "<group>";
			versionGroupType = wrapper.xcdatamodel;
		};
/* End XCVersionGroup section */
	};
	rootObject = AB3C411C224B227500865F06 /* Project object */;
}
